
Microsoft Visual Studio Solution File, Format Version 12.00
# Visual Studio 15
VisualStudioVersion = 15.0.26730.16
MinimumVisualStudioVersion = 10.0.40219.1
Project("{FAE04EC0-301F-11D3-BF4B-00C04F79EFBC}") = "WebApplication", "WebApplication\WebApplication.csproj", "{EF1061EF-973A-4802-A5EA-72DE65D25E0E}"
EndProject
Global
	GlobalSection(SolutionConfigurationPlatforms) = preSolution
		Debug|Any CPU = Debug|Any CPU
		Release|Any CPU = Release|Any CPU
	EndGlobalSection
	GlobalSection(ProjectConfigurationPlatforms) = postSolution
		{EF1061EF-973A-4802-A5EA-72DE65D25E0E}.Debug|Any CPU.ActiveCfg = Debug|Any CPU
		{EF1061EF-973A-4802-A5EA-72DE65D25E0E}.Debug|Any CPU.Build.0 = Debug|Any CPU
		{EF1061EF-973A-4802-A5EA-72DE65D25E0E}.Release|Any CPU.ActiveCfg = Release|Any CPU
		{EF1061EF-973A-4802-A5EA-72DE65D25E0E}.Release|Any CPU.Build.0 = Release|Any CPU
	EndGlobalSection
	GlobalSection(SolutionProperties) = preSolution
		HideSolutionNode = FALSE
	EndGlobalSection
	GlobalSection(ExtensibilityGlobals) = postSolution
		SolutionGuid = {292E1FE5-6568-4269-9617-FC8BA0BF95D6}
	EndGlobalSection
EndGlobal
